// !$*UTF8*$!
{
	archiveVersion = 1;
	classes = {
	};
	objectVersion = 46;
	objects = {

/* Begin PBXBuildFile section */
		046E873D1F37FB830004BB33 /* AppDelegate.swift in Sources */ = {isa = PBXBuildFile; fileRef = 046E873C1F37FB830004BB33 /* AppDelegate.swift */; };
		046E873F1F37FB830004BB33 /* ViewController.swift in Sources */ = {isa = PBXBuildFile; fileRef = 046E873E1F37FB830004BB33 /* ViewController.swift */; };
		046E87441F37FB830004BB33 /* Assets.xcassets in Resources */ = {isa = PBXBuildFile; fileRef = 046E87431F37FB830004BB33 /* Assets.xcassets */; };
		046E87471F37FB830004BB33 /* LaunchScreen.storyboard in Resources */ = {isa = PBXBuildFile; fileRef = 046E87451F37FB830004BB33 /* LaunchScreen.storyboard */; };
		046E87521F37FB830004BB33 /* smart_recording_speechTests.swift in Sources */ = {isa = PBXBuildFile; fileRef = 046E87511F37FB830004BB33 /* smart_recording_speechTests.swift */; };
		046E875D1F37FB830004BB33 /* smart_recording_speechUITests.swift in Sources */ = {isa = PBXBuildFile; fileRef = 046E875C1F37FB830004BB33 /* smart_recording_speechUITests.swift */; };
		046E876B1F37FBE00004BB33 /* FileManager.swift in Sources */ = {isa = PBXBuildFile; fileRef = 046E876A1F37FBE00004BB33 /* FileManager.swift */; };
		046E876D1F37FBF10004BB33 /* SpeechRecorder.swift in Sources */ = {isa = PBXBuildFile; fileRef = 046E876C1F37FBF10004BB33 /* SpeechRecorder.swift */; };
		046E876F1F37FC000004BB33 /* Main.storyboard in Resources */ = {isa = PBXBuildFile; fileRef = 046E876E1F37FC000004BB33 /* Main.storyboard */; };
/* End PBXBuildFile section */

/* Begin PBXContainerItemProxy section */
		046E874E1F37FB830004BB33 /* PBXContainerItemProxy */ = {
			isa = PBXContainerItemProxy;
			containerPortal = 046E87311F37FB830004BB33 /* Project object */;
			proxyType = 1;
			remoteGlobalIDString = 046E87381F37FB830004BB33;
			remoteInfo = "smart-recording-speech";
		};
		046E87591F37FB830004BB33 /* PBXContainerItemProxy */ = {
			isa = PBXContainerItemProxy;
			containerPortal = 046E87311F37FB830004BB33 /* Project object */;
			proxyType = 1;
			remoteGlobalIDString = 046E87381F37FB830004BB33;
			remoteInfo = "smart-recording-speech";
		};
/* End PBXContainerItemProxy section */

/* Begin PBXFileReference section */
		046E87391F37FB830004BB33 /* smart-recording-speech.app */ = {isa = PBXFileReference; explicitFileType = wrapper.application; includeInIndex = 0; path = "smart-recording-speech.app"; sourceTree = BUILT_PRODUCTS_DIR; };
		046E873C1F37FB830004BB33 /* AppDelegate.swift */ = {isa = PBXFileReference; lastKnownFileType = sourcecode.swift; path = AppDelegate.swift; sourceTree = "<group>"; };
		046E873E1F37FB830004BB33 /* ViewController.swift */ = {isa = PBXFileReference; lastKnownFileType = sourcecode.swift; path = ViewController.swift; sourceTree = "<group>"; };
		046E87431F37FB830004BB33 /* Assets.xcassets */ = {isa = PBXFileReference; lastKnownFileType = folder.assetcatalog; path = Assets.xcassets; sourceTree = "<group>"; };
		046E87461F37FB830004BB33 /* Base */ = {isa = PBXFileReference; lastKnownFileType = file.storyboard; name = Base; path = Base.lproj/LaunchScreen.storyboard; sourceTree = "<group>"; };
		046E87481F37FB830004BB33 /* Info.plist */ = {isa = PBXFileReference; lastKnownFileType = text.plist.xml; path = Info.plist; sourceTree = "<group>"; };
		046E874D1F37FB830004BB33 /* smart-recording-speechTests.xctest */ = {isa = PBXFileReference; explicitFileType = wrapper.cfbundle; includeInIndex = 0; path = "smart-recording-speechTests.xctest"; sourceTree = BUILT_PRODUCTS_DIR; };
		046E87511F37FB830004BB33 /* smart_recording_speechTests.swift */ = {isa = PBXFileReference; lastKnownFileType = sourcecode.swift; path = smart_recording_speechTests.swift; sourceTree = "<group>"; };
		046E87531F37FB830004BB33 /* Info.plist */ = {isa = PBXFileReference; lastKnownFileType = text.plist.xml; path = Info.plist; sourceTree = "<group>"; };
		046E87581F37FB830004BB33 /* smart-recording-speechUITests.xctest */ = {isa = PBXFileReference; explicitFileType = wrapper.cfbundle; includeInIndex = 0; path = "smart-recording-speechUITests.xctest"; sourceTree = BUILT_PRODUCTS_DIR; };
		046E875C1F37FB830004BB33 /* smart_recording_speechUITests.swift */ = {isa = PBXFileReference; lastKnownFileType = sourcecode.swift; path = smart_recording_speechUITests.swift; sourceTree = "<group>"; };
		046E875E1F37FB830004BB33 /* Info.plist */ = {isa = PBXFileReference; lastKnownFileType = text.plist.xml; path = Info.plist; sourceTree = "<group>"; };
		046E876A1F37FBE00004BB33 /* FileManager.swift */ = {isa = PBXFileReference; fileEncoding = 4; lastKnownFileType = sourcecode.swift; name = FileManager.swift; path = ../../../FDSoundActivatedRecorder/FDSoundActivatedRecorderDemo/FDSoundActivatedRecorderDemo/FileManager.swift; sourceTree = "<group>"; };
		046E876C1F37FBF10004BB33 /* SpeechRecorder.swift */ = {isa = PBXFileReference; fileEncoding = 4; lastKnownFileType = sourcecode.swift; name = SpeechRecorder.swift; path = ../../../FDSoundActivatedRecorder/FDSoundActivatedRecorderDemo/FDSoundActivatedRecorderDemo/SpeechRecorder.swift; sourceTree = "<group>"; };
		046E876E1F37FC000004BB33 /* Main.storyboard */ = {isa = PBXFileReference; fileEncoding = 4; lastKnownFileType = file.storyboard; name = Main.storyboard; path = ../../../FDSoundActivatedRecorder/FDSoundActivatedRecorderDemo/FDSoundActivatedRecorderDemo/Main.storyboard; sourceTree = "<group>"; };
/* End PBXFileReference section */

/* Begin PBXFrameworksBuildPhase section */
		046E87361F37FB830004BB33 /* Frameworks */ = {
			isa = PBXFrameworksBuildPhase;
			buildActionMask = 2147483647;
			files = (
			);
			runOnlyForDeploymentPostprocessing = 0;
		};
		046E874A1F37FB830004BB33 /* Frameworks */ = {
			isa = PBXFrameworksBuildPhase;
			buildActionMask = 2147483647;
			files = (
			);
			runOnlyForDeploymentPostprocessing = 0;
		};
		046E87551F37FB830004BB33 /* Frameworks */ = {
			isa = PBXFrameworksBuildPhase;
			buildActionMask = 2147483647;
			files = (
			);
			runOnlyForDeploymentPostprocessing = 0;
		};
/* End PBXFrameworksBuildPhase section */

/* Begin PBXGroup section */
		046E87301F37FB830004BB33 = {
			isa = PBXGroup;
			children = (
				046E873B1F37FB830004BB33 /* smart-recording-speech */,
				046E87501F37FB830004BB33 /* smart-recording-speechTests */,
				046E875B1F37FB830004BB33 /* smart-recording-speechUITests */,
				046E873A1F37FB830004BB33 /* Products */,
			);
			sourceTree = "<group>";
		};
		046E873A1F37FB830004BB33 /* Products */ = {
			isa = PBXGroup;
			children = (
				046E87391F37FB830004BB33 /* smart-recording-speech.app */,
				046E874D1F37FB830004BB33 /* smart-recording-speechTests.xctest */,
				046E87581F37FB830004BB33 /* smart-recording-speechUITests.xctest */,
			);
			name = Products;
			sourceTree = "<group>";
		};
		046E873B1F37FB830004BB33 /* smart-recording-speech */ = {
			isa = PBXGroup;
			children = (
				046E873C1F37FB830004BB33 /* AppDelegate.swift */,
				046E873E1F37FB830004BB33 /* ViewController.swift */,
				046E876E1F37FC000004BB33 /* Main.storyboard */,
				046E87431F37FB830004BB33 /* Assets.xcassets */,
				046E87451F37FB830004BB33 /* LaunchScreen.storyboard */,
				046E87481F37FB830004BB33 /* Info.plist */,
				046E876A1F37FBE00004BB33 /* FileManager.swift */,
				046E876C1F37FBF10004BB33 /* SpeechRecorder.swift */,
			);
			path = "smart-recording-speech";
			sourceTree = "<group>";
		};
		046E87501F37FB830004BB33 /* smart-recording-speechTests */ = {
			isa = PBXGroup;
			children = (
				046E87511F37FB830004BB33 /* smart_recording_speechTests.swift */,
				046E87531F37FB830004BB33 /* Info.plist */,
			);
			path = "smart-recording-speechTests";
			sourceTree = "<group>";
		};
		046E875B1F37FB830004BB33 /* smart-recording-speechUITests */ = {
			isa = PBXGroup;
			children = (
				046E875C1F37FB830004BB33 /* smart_recording_speechUITests.swift */,
				046E875E1F37FB830004BB33 /* Info.plist */,
			);
			path = "smart-recording-speechUITests";
			sourceTree = "<group>";
		};
/* End PBXGroup section */

/* Begin PBXNativeTarget section */
		046E87381F37FB830004BB33 /* smart-recording-speech */ = {
			isa = PBXNativeTarget;
			buildConfigurationList = 046E87611F37FB830004BB33 /* Build configuration list for PBXNativeTarget "smart-recording-speech" */;
			buildPhases = (
				046E87351F37FB830004BB33 /* Sources */,
				046E87361F37FB830004BB33 /* Frameworks */,
				046E87371F37FB830004BB33 /* Resources */,
			);
			buildRules = (
			);
			dependencies = (
			);
			name = "smart-recording-speech";
			productName = "smart-recording-speech";
			productReference = 046E87391F37FB830004BB33 /* smart-recording-speech.app */;
			productType = "com.apple.product-type.application";
		};
		046E874C1F37FB830004BB33 /* smart-recording-speechTests */ = {
			isa = PBXNativeTarget;
			buildConfigurationList = 046E87641F37FB830004BB33 /* Build configuration list for PBXNativeTarget "smart-recording-speechTests" */;
			buildPhases = (
				046E87491F37FB830004BB33 /* Sources */,
				046E874A1F37FB830004BB33 /* Frameworks */,
				046E874B1F37FB830004BB33 /* Resources */,
			);
			buildRules = (
			);
			dependencies = (
				046E874F1F37FB830004BB33 /* PBXTargetDependency */,
			);
			name = "smart-recording-speechTests";
			productName = "smart-recording-speechTests";
			productReference = 046E874D1F37FB830004BB33 /* smart-recording-speechTests.xctest */;
			productType = "com.apple.product-type.bundle.unit-test";
		};
		046E87571F37FB830004BB33 /* smart-recording-speechUITests */ = {
			isa = PBXNativeTarget;
			buildConfigurationList = 046E87671F37FB830004BB33 /* Build configuration list for PBXNativeTarget "smart-recording-speechUITests" */;
			buildPhases = (
				046E87541F37FB830004BB33 /* Sources */,
				046E87551F37FB830004BB33 /* Frameworks */,
				046E87561F37FB830004BB33 /* Resources */,
			);
			buildRules = (
			);
			dependencies = (
				046E875A1F37FB830004BB33 /* PBXTargetDependency */,
			);
			name = "smart-recording-speechUITests";
			productName = "smart-recording-speechUITests";
			productReference = 046E87581F37FB830004BB33 /* smart-recording-speechUITests.xctest */;
			productType = "com.apple.product-type.bundle.ui-testing";
		};
/* End PBXNativeTarget section */

/* Begin PBXProject section */
		046E87311F37FB830004BB33 /* Project object */ = {
			isa = PBXProject;
			attributes = {
				LastSwiftUpdateCheck = 0830;
				LastUpgradeCheck = 0830;
				ORGANIZATIONNAME = "Johan Moncada";
				TargetAttributes = {
					046E87381F37FB830004BB33 = {
						CreatedOnToolsVersion = 8.3.3;
						ProvisioningStyle = Automatic;
					};
					046E874C1F37FB830004BB33 = {
						CreatedOnToolsVersion = 8.3.3;
						ProvisioningStyle = Automatic;
						TestTargetID = 046E87381F37FB830004BB33;
					};
					046E87571F37FB830004BB33 = {
						CreatedOnToolsVersion = 8.3.3;
						ProvisioningStyle = Automatic;
						TestTargetID = 046E87381F37FB830004BB33;
					};
				};
			};
			buildConfigurationList = 046E87341F37FB830004BB33 /* Build configuration list for PBXProject "smart-recording-speech" */;
			compatibilityVersion = "Xcode 3.2";
			developmentRegion = English;
			hasScannedForEncodings = 0;
			knownRegions = (
				en,
				Base,
			);
			mainGroup = 046E87301F37FB830004BB33;
			productRefGroup = 046E873A1F37FB830004BB33 /* Products */;
			projectDirPath = "";
			projectRoot = "";
			targets = (
				046E87381F37FB830004BB33 /* smart-recording-speech */,
				046E874C1F37FB830004BB33 /* smart-recording-speechTests */,
				046E87571F37FB830004BB33 /* smart-recording-speechUITests */,
			);
		};
/* End PBXProject section */

/* Begin PBXResourcesBuildPhase section */
		046E87371F37FB830004BB33 /* Resources */ = {
			isa = PBXResourcesBuildPhase;
			buildActionMask = 2147483647;
			files = (
				046E87471F37FB830004BB33 /* LaunchScreen.storyboard in Resources */,
				046E87441F37FB830004BB33 /* Assets.xcassets in Resources */,
				046E876F1F37FC000004BB33 /* Main.storyboard in Resources */,
			);
			runOnlyForDeploymentPostprocessing = 0;
		};
		046E874B1F37FB830004BB33 /* Resources */ = {
			isa = PBXResourcesBuildPhase;
			buildActionMask = 2147483647;
			files = (
			);
			runOnlyForDeploymentPostprocessing = 0;
		};
		046E87561F37FB830004BB33 /* Resources */ = {
			isa = PBXResourcesBuildPhase;
			buildActionMask = 2147483647;
			files = (
			);
			runOnlyForDeploymentPostprocessing = 0;
		};
/* End PBXResourcesBuildPhase section */

/* Begin PBXSourcesBuildPhase section */
		046E87351F37FB830004BB33 /* Sources */ = {
			isa = PBXSourcesBuildPhase;
			buildActionMask = 2147483647;
			files = (
				046E876B1F37FBE00004BB33 /* FileManager.swift in Sources */,
				046E876D1F37FBF10004BB33 /* SpeechRecorder.swift in Sources */,
				046E873F1F37FB830004BB33 /* ViewController.swift in Sources */,
				046E873D1F37FB830004BB33 /* AppDelegate.swift in Sources */,
			);
			runOnlyForDeploymentPostprocessing = 0;
		};
		046E87491F37FB830004BB33 /* Sources */ = {
			isa = PBXSourcesBuildPhase;
			buildActionMask = 2147483647;
			files = (
				046E87521F37FB830004BB33 /* smart_recording_speechTests.swift in Sources */,
			);
			runOnlyForDeploymentPostprocessing = 0;
		};
		046E87541F37FB830004BB33 /* Sources */ = {
			isa = PBXSourcesBuildPhase;
			buildActionMask = 2147483647;
			files = (
				046E875D1F37FB830004BB33 /* smart_recording_speechUITests.swift in Sources */,
			);
			runOnlyForDeploymentPostprocessing = 0;
		};
/* End PBXSourcesBuildPhase section */

/* Begin PBXTargetDependency section */
		046E874F1F37FB830004BB33 /* PBXTargetDependency */ = {
			isa = PBXTargetDependency;
			target = 046E87381F37FB830004BB33 /* smart-recording-speech */;
			targetProxy = 046E874E1F37FB830004BB33 /* PBXContainerItemProxy */;
		};
		046E875A1F37FB830004BB33 /* PBXTargetDependency */ = {
			isa = PBXTargetDependency;
			target = 046E87381F37FB830004BB33 /* smart-recording-speech */;
			targetProxy = 046E87591F37FB830004BB33 /* PBXContainerItemProxy */;
		};
/* End PBXTargetDependency section */

/* Begin PBXVariantGroup section */
		046E87451F37FB830004BB33 /* LaunchScreen.storyboard */ = {
			isa = PBXVariantGroup;
			children = (
				046E87461F37FB830004BB33 /* Base */,
			);
			name = LaunchScreen.storyboard;
			sourceTree = "<group>";
		};
/* End PBXVariantGroup section */

/* Begin XCBuildConfiguration section */
		046E875F1F37FB830004BB33 /* Debug */ = {
			isa = XCBuildConfiguration;
			buildSettings = {
				ALWAYS_SEARCH_USER_PATHS = NO;
				CLANG_ANALYZER_NONNULL = YES;
				CLANG_ANALYZER_NUMBER_OBJECT_CONVERSION = YES_AGGRESSIVE;
				CLANG_CXX_LANGUAGE_STANDARD = "gnu++0x";
				CLANG_CXX_LIBRARY = "libc++";
				CLANG_ENABLE_MODULES = YES;
				CLANG_ENABLE_OBJC_ARC = YES;
				CLANG_WARN_BOOL_CONVERSION = YES;
				CLANG_WARN_CONSTANT_CONVERSION = YES;
				CLANG_WARN_DIRECT_OBJC_ISA_USAGE = YES_ERROR;
				CLANG_WARN_DOCUMENTATION_COMMENTS = YES;
				CLANG_WARN_EMPTY_BODY = YES;
				CLANG_WARN_ENUM_CONVERSION = YES;
				CLANG_WARN_INFINITE_RECURSION = YES;
				CLANG_WARN_INT_CONVERSION = YES;
				CLANG_WARN_OBJC_ROOT_CLASS = YES_ERROR;
				CLANG_WARN_SUSPICIOUS_MOVE = YES;
				CLANG_WARN_UNREACHABLE_CODE = YES;
				CLANG_WARN__DUPLICATE_METHOD_MATCH = YES;
				"CODE_SIGN_IDENTITY[sdk=iphoneos*]" = "iPhone Developer";
				COPY_PHASE_STRIP = NO;
				DEBUG_INFORMATION_FORMAT = dwarf;
				ENABLE_STRICT_OBJC_MSGSEND = YES;
				ENABLE_TESTABILITY = YES;
				GCC_C_LANGUAGE_STANDARD = gnu99;
				GCC_DYNAMIC_NO_PIC = NO;
				GCC_NO_COMMON_BLOCKS = YES;
				GCC_OPTIMIZATION_LEVEL = 0;
				GCC_PREPROCESSOR_DEFINITIONS = (
					"DEBUG=1",
					"$(inherited)",
				);
				GCC_WARN_64_TO_32_BIT_CONVERSION = YES;
				GCC_WARN_ABOUT_RETURN_TYPE = YES_ERROR;
				GCC_WARN_UNDECLARED_SELECTOR = YES;
				GCC_WARN_UNINITIALIZED_AUTOS = YES_AGGRESSIVE;
				GCC_WARN_UNUSED_FUNCTION = YES;
				GCC_WARN_UNUSED_VARIABLE = YES;
				IPHONEOS_DEPLOYMENT_TARGET = 10.3;
				MTL_ENABLE_DEBUG_INFO = YES;
				ONLY_ACTIVE_ARCH = YES;
				SDKROOT = iphoneos;
				SWIFT_ACTIVE_COMPILATION_CONDITIONS = DEBUG;
				SWIFT_OPTIMIZATION_LEVEL = "-Onone";
				TARGETED_DEVICE_FAMILY = "1,2";
			};
			name = Debug;
		};
		046E87601F37FB830004BB33 /* Release */ = {
			isa = XCBuildConfiguration;
			buildSettings = {
				ALWAYS_SEARCH_USER_PATHS = NO;
				CLANG_ANALYZER_NONNULL = YES;
				CLANG_ANALYZER_NUMBER_OBJECT_CONVERSION = YES_AGGRESSIVE;
				CLANG_CXX_LANGUAGE_STANDARD = "gnu++0x";
				CLANG_CXX_LIBRARY = "libc++";
				CLANG_ENABLE_MODULES = YES;
				CLANG_ENABLE_OBJC_ARC = YES;
				CLANG_WARN_BOOL_CONVERSION = YES;
				CLANG_WARN_CONSTANT_CONVERSION = YES;
				CLANG_WARN_DIRECT_OBJC_ISA_USAGE = YES_ERROR;
				CLANG_WARN_DOCUMENTATION_COMMENTS = YES;
				CLANG_WARN_EMPTY_BODY = YES;
				CLANG_WARN_ENUM_CONVERSION = YES;
				CLANG_WARN_INFINITE_RECURSION = YES;
				CLANG_WARN_INT_CONVERSION = YES;
				CLANG_WARN_OBJC_ROOT_CLASS = YES_ERROR;
				CLANG_WARN_SUSPICIOUS_MOVE = YES;
				CLANG_WARN_UNREACHABLE_CODE = YES;
				CLANG_WARN__DUPLICATE_METHOD_MATCH = YES;
				"CODE_SIGN_IDENTITY[sdk=iphoneos*]" = "iPhone Developer";
				COPY_PHASE_STRIP = NO;
				DEBUG_INFORMATION_FORMAT = "dwarf-with-dsym";
				ENABLE_NS_ASSERTIONS = NO;
				ENABLE_STRICT_OBJC_MSGSEND = YES;
				GCC_C_LANGUAGE_STANDARD = gnu99;
				GCC_NO_COMMON_BLOCKS = YES;
				GCC_WARN_64_TO_32_BIT_CONVERSION = YES;
				GCC_WARN_ABOUT_RETURN_TYPE = YES_ERROR;
				GCC_WARN_UNDECLARED_SELECTOR = YES;
				GCC_WARN_UNINITIALIZED_AUTOS = YES_AGGRESSIVE;
				GCC_WARN_UNUSED_FUNCTION = YES;
				GCC_WARN_UNUSED_VARIABLE = YES;
				IPHONEOS_DEPLOYMENT_TARGET = 10.3;
				MTL_ENABLE_DEBUG_INFO = NO;
				SDKROOT = iphoneos;
				SWIFT_OPTIMIZATION_LEVEL = "-Owholemodule";
				TARGETED_DEVICE_FAMILY = "1,2";
				VALIDATE_PRODUCT = YES;
			};
			name = Release;
		};
		046E87621F37FB830004BB33 /* Debug */ = {
			isa = XCBuildConfiguration;
			buildSettings = {
				ASSETCATALOG_COMPILER_APPICON_NAME = AppIcon;
				INFOPLIST_FILE = "smart-recording-speech/Info.plist";
				LD_RUNPATH_SEARCH_PATHS = "$(inherited) @executable_path/Frameworks";
				PRODUCT_BUNDLE_IDENTIFIER = "com.sancrisoft.johan.smart-recording-speech";
				PRODUCT_NAME = "$(TARGET_NAME)";
				SWIFT_VERSION = 3.0;
			};
			name = Debug;
		};
		046E87631F37FB830004BB33 /* Release */ = {
			isa = XCBuildConfiguration;
			buildSettings = {
				ASSETCATALOG_COMPILER_APPICON_NAME = AppIcon;
				INFOPLIST_FILE = "smart-recording-speech/Info.plist";
				LD_RUNPATH_SEARCH_PATHS = "$(inherited) @executable_path/Frameworks";
				PRODUCT_BUNDLE_IDENTIFIER = "com.sancrisoft.johan.smart-recording-speech";
				PRODUCT_NAME = "$(TARGET_NAME)";
				SWIFT_VERSION = 3.0;
			};
			name = Release;
		};
		046E87651F37FB830004BB33 /* Debug */ = {
			isa = XCBuildConfiguration;
			buildSettings = {
				ALWAYS_EMBED_SWIFT_STANDARD_LIBRARIES = YES;
				BUNDLE_LOADER = "$(TEST_HOST)";
				INFOPLIST_FILE = "smart-recording-speechTests/Info.plist";
				LD_RUNPATH_SEARCH_PATHS = "$(inherited) @executable_path/Frameworks @loader_path/Frameworks";
				PRODUCT_BUNDLE_IDENTIFIER = "com.sancrisoft.johan.smart-recording-speechTests";
				PRODUCT_NAME = "$(TARGET_NAME)";
				SWIFT_VERSION = 3.0;
				TEST_HOST = "$(BUILT_PRODUCTS_DIR)/smart-recording-speech.app/smart-recording-speech";
			};
			name = Debug;
		};
		046E87661F37FB830004BB33 /* Release */ = {
			isa = XCBuildConfiguration;
			buildSettings = {
				ALWAYS_EMBED_SWIFT_STANDARD_LIBRARIES = YES;
				BUNDLE_LOADER = "$(TEST_HOST)";
				INFOPLIST_FILE = "smart-recording-speechTests/Info.plist";
				LD_RUNPATH_SEARCH_PATHS = "$(inherited) @executable_path/Frameworks @loader_path/Frameworks";
				PRODUCT_BUNDLE_IDENTIFIER = "com.sancrisoft.johan.smart-recording-speechTests";
				PRODUCT_NAME = "$(TARGET_NAME)";
				SWIFT_VERSION = 3.0;
				TEST_HOST = "$(BUILT_PRODUCTS_DIR)/smart-recording-speech.app/smart-recording-speech";
			};
			name = Release;
		};
		046E87681F37FB830004BB33 /* Debug */ = {
			isa = XCBuildConfiguration;
			buildSettings = {
				ALWAYS_EMBED_SWIFT_STANDARD_LIBRARIES = YES;
				INFOPLIST_FILE = "smart-recording-speechUITests/Info.plist";
				LD_RUNPATH_SEARCH_PATHS = "$(inherited) @executable_path/Frameworks @loader_path/Frameworks";
				PRODUCT_BUNDLE_IDENTIFIER = "com.sancrisoft.johan.smart-recording-speechUITests";
				PRODUCT_NAME = "$(TARGET_NAME)";
				SWIFT_VERSION = 3.0;
				TEST_TARGET_NAME = "smart-recording-speech";
			};
			name = Debug;
		};
		046E87691F37FB830004BB33 /* Release */ = {
			isa = XCBuildConfiguration;
			buildSettings = {
				ALWAYS_EMBED_SWIFT_STANDARD_LIBRARIES = YES;
				INFOPLIST_FILE = "smart-recording-speechUITests/Info.plist";
				LD_RUNPATH_SEARCH_PATHS = "$(inherited) @executable_path/Frameworks @loader_path/Frameworks";
				PRODUCT_BUNDLE_IDENTIFIER = "com.sancrisoft.johan.smart-recording-speechUITests";
				PRODUCT_NAME = "$(TARGET_NAME)";
				SWIFT_VERSION = 3.0;
				TEST_TARGET_NAME = "smart-recording-speech";
			};
			name = Release;
		};
/* End XCBuildConfiguration section */

/* Begin XCConfigurationList section */
		046E87341F37FB830004BB33 /* Build configuration list for PBXProject "smart-recording-speech" */ = {
			isa = XCConfigurationList;
			buildConfigurations = (
				046E875F1F37FB830004BB33 /* Debug */,
				046E87601F37FB830004BB33 /* Release */,
			);
			defaultConfigurationIsVisible = 0;
			defaultConfigurationName = Release;
		};
		046E87611F37FB830004BB33 /* Build configuration list for PBXNativeTarget "smart-recording-speech" */ = {
			isa = XCConfigurationList;
			buildConfigurations = (
				046E87621F37FB830004BB33 /* Debug */,
				046E87631F37FB830004BB33 /* Release */,
			);
			defaultConfigurationIsVisible = 0;
		};
		046E87641F37FB830004BB33 /* Build configuration list for PBXNativeTarget "smart-recording-speechTests" */ = {
			isa = XCConfigurationList;
			buildConfigurations = (
				046E87651F37FB830004BB33 /* Debug */,
				046E87661F37FB830004BB33 /* Release */,
			);
			defaultConfigurationIsVisible = 0;
		};
		046E87671F37FB830004BB33 /* Build configuration list for PBXNativeTarget "smart-recording-speechUITests" */ = {
			isa = XCConfigurationList;
			buildConfigurations = (
				046E87681F37FB830004BB33 /* Debug */,
				046E87691F37FB830004BB33 /* Release */,
			);
			defaultConfigurationIsVisible = 0;
		};
/* End XCConfigurationList section */
	};
	rootObject = 046E87311F37FB830004BB33 /* Project object */;
}
